
Microsoft Visual Studio Solution File, Format Version 12.00
Project("{FAE04EC0-301F-11D3-BF4B-00C04F79EFBC}") = "Provider", "src\Provider\Provider.csproj", "{CE46FA5B-F97D-4D9C-BFA3-436F0490A64C}"
EndProject
Project("{FAE04EC0-301F-11D3-BF4B-00C04F79EFBC}") = "Provider.PactTests", "tests\Provider.PactTests\Provider.PactTests.csproj", "{2B57A8AC-207F-4996-B72F-2A02BE8CE2B2}"
EndProject
Global
	GlobalSection(SolutionConfigurationPlatforms) = preSolution
		Debug|Any CPU = Debug|Any CPU
		Release|Any CPU = Release|Any CPU
	EndGlobalSection
	GlobalSection(ProjectConfigurationPlatforms) = postSolution
		{CE46FA5B-F97D-4D9C-BFA3-436F0490A64C}.Debug|Any CPU.ActiveCfg = Debug|Any CPU
		{CE46FA5B-F97D-4D9C-BFA3-436F0490A64C}.Debug|Any CPU.Build.0 = Debug|Any CPU
		{CE46FA5B-F97D-4D9C-BFA3-436F0490A64C}.Release|Any CPU.ActiveCfg = Release|Any CPU
		{CE46FA5B-F97D-4D9C-BFA3-436F0490A64C}.Release|Any CPU.Build.0 = Release|Any CPU
		{2B57A8AC-207F-4996-B72F-2A02BE8CE2B2}.Debug|Any CPU.ActiveCfg = Debug|Any CPU
		{2B57A8AC-207F-4996-B72F-2A02BE8CE2B2}.Debug|Any CPU.Build.0 = Debug|Any CPU
		{2B57A8AC-207F-4996-B72F-2A02BE8CE2B2}.Release|Any CPU.ActiveCfg = Release|Any CPU
		{2B57A8AC-207F-4996-B72F-2A02BE8CE2B2}.Release|Any CPU.Build.0 = Release|Any CPU
	EndGlobalSection
EndGlobal
